// !$*UTF8*$!
{
	archiveVersion = 1;
	classes = {
	};
	objectVersion = 46;
	objects = {

/* Begin PBXBuildFile section */
		6F5B5BAD1F9CED90001881CB /* AppDelegate.swift in Sources */ = {isa = PBXBuildFile; fileRef = 6F5B5BAC1F9CED90001881CB /* AppDelegate.swift */; };
		6F5B5BAF1F9CED90001881CB /* ViewController.swift in Sources */ = {isa = PBXBuildFile; fileRef = 6F5B5BAE1F9CED90001881CB /* ViewController.swift */; };
		6F5B5BB21F9CED90001881CB /* Main.storyboard in Resources */ = {isa = PBXBuildFile; fileRef = 6F5B5BB01F9CED90001881CB /* Main.storyboard */; };
		6F5B5BB41F9CED90001881CB /* Assets.xcassets in Resources */ = {isa = PBXBuildFile; fileRef = 6F5B5BB31F9CED90001881CB /* Assets.xcassets */; };
		6F5B5BB71F9CED90001881CB /* LaunchScreen.storyboard in Resources */ = {isa = PBXBuildFile; fileRef = 6F5B5BB51F9CED90001881CB /* LaunchScreen.storyboard */; };
		6F5B5BC21F9CED91001881CB /* iOSCodingChallengeTests.swift in Sources */ = {isa = PBXBuildFile; fileRef = 6F5B5BC11F9CED91001881CB /* iOSCodingChallengeTests.swift */; };
		6F5B5BCD1F9CED91001881CB /* iOSCodingChallengeUITests.swift in Sources */ = {isa = PBXBuildFile; fileRef = 6F5B5BCC1F9CED91001881CB /* iOSCodingChallengeUITests.swift */; };
/* End PBXBuildFile section */

/* Begin PBXContainerItemProxy section */
		6F5B5BBE1F9CED91001881CB /* PBXContainerItemProxy */ = {
			isa = PBXContainerItemProxy;
			containerPortal = 6F5B5BA11F9CED90001881CB /* Project object */;
			proxyType = 1;
			remoteGlobalIDString = 6F5B5BA81F9CED90001881CB;
			remoteInfo = iOSCodingChallenge;
		};
		6F5B5BC91F9CED91001881CB /* PBXContainerItemProxy */ = {
			isa = PBXContainerItemProxy;
			containerPortal = 6F5B5BA11F9CED90001881CB /* Project object */;
			proxyType = 1;
			remoteGlobalIDString = 6F5B5BA81F9CED90001881CB;
			remoteInfo = iOSCodingChallenge;
		};
/* End PBXContainerItemProxy section */

/* Begin PBXFileReference section */
		6F5B5BA91F9CED90001881CB /* iOSCodingChallenge.app */ = {isa = PBXFileReference; explicitFileType = wrapper.application; includeInIndex = 0; path = iOSCodingChallenge.app; sourceTree = BUILT_PRODUCTS_DIR; };
		6F5B5BAC1F9CED90001881CB /* AppDelegate.swift */ = {isa = PBXFileReference; lastKnownFileType = sourcecode.swift; path = AppDelegate.swift; sourceTree = "<group>"; };
		6F5B5BAE1F9CED90001881CB /* ViewController.swift */ = {isa = PBXFileReference; lastKnownFileType = sourcecode.swift; path = ViewController.swift; sourceTree = "<group>"; };
		6F5B5BB11F9CED90001881CB /* Base */ = {isa = PBXFileReference; lastKnownFileType = file.storyboard; name = Base; path = Base.lproj/Main.storyboard; sourceTree = "<group>"; };
		6F5B5BB31F9CED90001881CB /* Assets.xcassets */ = {isa = PBXFileReference; lastKnownFileType = folder.assetcatalog; path = Assets.xcassets; sourceTree = "<group>"; };
		6F5B5BB61F9CED90001881CB /* Base */ = {isa = PBXFileReference; lastKnownFileType = file.storyboard; name = Base; path = Base.lproj/LaunchScreen.storyboard; sourceTree = "<group>"; };
		6F5B5BB81F9CED90001881CB /* Info.plist */ = {isa = PBXFileReference; lastKnownFileType = text.plist.xml; path = Info.plist; sourceTree = "<group>"; };
		6F5B5BBD1F9CED91001881CB /* iOSCodingChallengeTests.xctest */ = {isa = PBXFileReference; explicitFileType = wrapper.cfbundle; includeInIndex = 0; path = iOSCodingChallengeTests.xctest; sourceTree = BUILT_PRODUCTS_DIR; };
		6F5B5BC11F9CED91001881CB /* iOSCodingChallengeTests.swift */ = {isa = PBXFileReference; lastKnownFileType = sourcecode.swift; path = iOSCodingChallengeTests.swift; sourceTree = "<group>"; };
		6F5B5BC31F9CED91001881CB /* Info.plist */ = {isa = PBXFileReference; lastKnownFileType = text.plist.xml; path = Info.plist; sourceTree = "<group>"; };
		6F5B5BC81F9CED91001881CB /* iOSCodingChallengeUITests.xctest */ = {isa = PBXFileReference; explicitFileType = wrapper.cfbundle; includeInIndex = 0; path = iOSCodingChallengeUITests.xctest; sourceTree = BUILT_PRODUCTS_DIR; };
		6F5B5BCC1F9CED91001881CB /* iOSCodingChallengeUITests.swift */ = {isa = PBXFileReference; lastKnownFileType = sourcecode.swift; path = iOSCodingChallengeUITests.swift; sourceTree = "<group>"; };
		6F5B5BCE1F9CED91001881CB /* Info.plist */ = {isa = PBXFileReference; lastKnownFileType = text.plist.xml; path = Info.plist; sourceTree = "<group>"; };
/* End PBXFileReference section */

/* Begin PBXFrameworksBuildPhase section */
		6F5B5BA61F9CED90001881CB /* Frameworks */ = {
			isa = PBXFrameworksBuildPhase;
			buildActionMask = 2147483647;
			files = (
			);
			runOnlyForDeploymentPostprocessing = 0;
		};
		6F5B5BBA1F9CED91001881CB /* Frameworks */ = {
			isa = PBXFrameworksBuildPhase;
			buildActionMask = 2147483647;
			files = (
			);
			runOnlyForDeploymentPostprocessing = 0;
		};
		6F5B5BC51F9CED91001881CB /* Frameworks */ = {
			isa = PBXFrameworksBuildPhase;
			buildActionMask = 2147483647;
			files = (
			);
			runOnlyForDeploymentPostprocessing = 0;
		};
/* End PBXFrameworksBuildPhase section */

/* Begin PBXGroup section */
		6F5B5BA01F9CED90001881CB = {
			isa = PBXGroup;
			children = (
				6F5B5BAB1F9CED90001881CB /* iOSCodingChallenge */,
				6F5B5BC01F9CED91001881CB /* iOSCodingChallengeTests */,
				6F5B5BCB1F9CED91001881CB /* iOSCodingChallengeUITests */,
				6F5B5BAA1F9CED90001881CB /* Products */,
			);
			sourceTree = "<group>";
		};
		6F5B5BAA1F9CED90001881CB /* Products */ = {
			isa = PBXGroup;
			children = (
				6F5B5BA91F9CED90001881CB /* iOSCodingChallenge.app */,
				6F5B5BBD1F9CED91001881CB /* iOSCodingChallengeTests.xctest */,
				6F5B5BC81F9CED91001881CB /* iOSCodingChallengeUITests.xctest */,
			);
			name = Products;
			sourceTree = "<group>";
		};
		6F5B5BAB1F9CED90001881CB /* iOSCodingChallenge */ = {
			isa = PBXGroup;
			children = (
				6F5B5BAC1F9CED90001881CB /* AppDelegate.swift */,
				6F5B5BAE1F9CED90001881CB /* ViewController.swift */,
				6F5B5BB01F9CED90001881CB /* Main.storyboard */,
				6F5B5BB31F9CED90001881CB /* Assets.xcassets */,
				6F5B5BB51F9CED90001881CB /* LaunchScreen.storyboard */,
				6F5B5BB81F9CED90001881CB /* Info.plist */,
			);
			path = iOSCodingChallenge;
			sourceTree = "<group>";
		};
		6F5B5BC01F9CED91001881CB /* iOSCodingChallengeTests */ = {
			isa = PBXGroup;
			children = (
				6F5B5BC11F9CED91001881CB /* iOSCodingChallengeTests.swift */,
				6F5B5BC31F9CED91001881CB /* Info.plist */,
			);
			path = iOSCodingChallengeTests;
			sourceTree = "<group>";
		};
		6F5B5BCB1F9CED91001881CB /* iOSCodingChallengeUITests */ = {
			isa = PBXGroup;
			children = (
				6F5B5BCC1F9CED91001881CB /* iOSCodingChallengeUITests.swift */,
				6F5B5BCE1F9CED91001881CB /* Info.plist */,
			);
			path = iOSCodingChallengeUITests;
			sourceTree = "<group>";
		};
/* End PBXGroup section */

/* Begin PBXNativeTarget section */
		6F5B5BA81F9CED90001881CB /* iOSCodingChallenge */ = {
			isa = PBXNativeTarget;
			buildConfigurationList = 6F5B5BD11F9CED91001881CB /* Build configuration list for PBXNativeTarget "iOSCodingChallenge" */;
			buildPhases = (
				6F5B5BA51F9CED90001881CB /* Sources */,
				6F5B5BA61F9CED90001881CB /* Frameworks */,
				6F5B5BA71F9CED90001881CB /* Resources */,
			);
			buildRules = (
			);
			dependencies = (
			);
			name = iOSCodingChallenge;
			productName = iOSCodingChallenge;
			productReference = 6F5B5BA91F9CED90001881CB /* iOSCodingChallenge.app */;
			productType = "com.apple.product-type.application";
		};
		6F5B5BBC1F9CED91001881CB /* iOSCodingChallengeTests */ = {
			isa = PBXNativeTarget;
			buildConfigurationList = 6F5B5BD41F9CED91001881CB /* Build configuration list for PBXNativeTarget "iOSCodingChallengeTests" */;
			buildPhases = (
				6F5B5BB91F9CED91001881CB /* Sources */,
				6F5B5BBA1F9CED91001881CB /* Frameworks */,
				6F5B5BBB1F9CED91001881CB /* Resources */,
			);
			buildRules = (
			);
			dependencies = (
				6F5B5BBF1F9CED91001881CB /* PBXTargetDependency */,
			);
			name = iOSCodingChallengeTests;
			productName = iOSCodingChallengeTests;
			productReference = 6F5B5BBD1F9CED91001881CB /* iOSCodingChallengeTests.xctest */;
			productType = "com.apple.product-type.bundle.unit-test";
		};
		6F5B5BC71F9CED91001881CB /* iOSCodingChallengeUITests */ = {
			isa = PBXNativeTarget;
			buildConfigurationList = 6F5B5BD71F9CED91001881CB /* Build configuration list for PBXNativeTarget "iOSCodingChallengeUITests" */;
			buildPhases = (
				6F5B5BC41F9CED91001881CB /* Sources */,
				6F5B5BC51F9CED91001881CB /* Frameworks */,
				6F5B5BC61F9CED91001881CB /* Resources */,
			);
			buildRules = (
			);
			dependencies = (
				6F5B5BCA1F9CED91001881CB /* PBXTargetDependency */,
			);
			name = iOSCodingChallengeUITests;
			productName = iOSCodingChallengeUITests;
			productReference = 6F5B5BC81F9CED91001881CB /* iOSCodingChallengeUITests.xctest */;
			productType = "com.apple.product-type.bundle.ui-testing";
		};
/* End PBXNativeTarget section */

/* Begin PBXProject section */
		6F5B5BA11F9CED90001881CB /* Project object */ = {
			isa = PBXProject;
			attributes = {
				LastSwiftUpdateCheck = 0830;
				LastUpgradeCheck = 0830;
				ORGANIZATIONNAME = KeshPola;
				TargetAttributes = {
					6F5B5BA81F9CED90001881CB = {
						CreatedOnToolsVersion = 8.3.3;
						ProvisioningStyle = Automatic;
					};
					6F5B5BBC1F9CED91001881CB = {
						CreatedOnToolsVersion = 8.3.3;
						DevelopmentTeam = 994NB4DHVP;
						ProvisioningStyle = Automatic;
						TestTargetID = 6F5B5BA81F9CED90001881CB;
					};
					6F5B5BC71F9CED91001881CB = {
						CreatedOnToolsVersion = 8.3.3;
						DevelopmentTeam = 994NB4DHVP;
						ProvisioningStyle = Automatic;
						TestTargetID = 6F5B5BA81F9CED90001881CB;
					};
				};
			};
			buildConfigurationList = 6F5B5BA41F9CED90001881CB /* Build configuration list for PBXProject "iOSCodingChallenge" */;
			compatibilityVersion = "Xcode 3.2";
			developmentRegion = English;
			hasScannedForEncodings = 0;
			knownRegions = (
				en,
				Base,
			);
			mainGroup = 6F5B5BA01F9CED90001881CB;
			productRefGroup = 6F5B5BAA1F9CED90001881CB /* Products */;
			projectDirPath = "";
			projectRoot = "";
			targets = (
				6F5B5BA81F9CED90001881CB /* iOSCodingChallenge */,
				6F5B5BBC1F9CED91001881CB /* iOSCodingChallengeTests */,
				6F5B5BC71F9CED91001881CB /* iOSCodingChallengeUITests */,
			);
		};
/* End PBXProject section */

/* Begin PBXResourcesBuildPhase section */
		6F5B5BA71F9CED90001881CB /* Resources */ = {
			isa = PBXResourcesBuildPhase;
			buildActionMask = 2147483647;
			files = (
				6F5B5BB71F9CED90001881CB /* LaunchScreen.storyboard in Resources */,
				6F5B5BB41F9CED90001881CB /* Assets.xcassets in Resources */,
				6F5B5BB21F9CED90001881CB /* Main.storyboard in Resources */,
			);
			runOnlyForDeploymentPostprocessing = 0;
		};
		6F5B5BBB1F9CED91001881CB /* Resources */ = {
			isa = PBXResourcesBuildPhase;
			buildActionMask = 2147483647;
			files = (
			);
			runOnlyForDeploymentPostprocessing = 0;
		};
		6F5B5BC61F9CED91001881CB /* Resources */ = {
			isa = PBXResourcesBuildPhase;
			buildActionMask = 2147483647;
			files = (
			);
			runOnlyForDeploymentPostprocessing = 0;
		};
/* End PBXResourcesBuildPhase section */

/* Begin PBXSourcesBuildPhase section */
		6F5B5BA51F9CED90001881CB /* Sources */ = {
			isa = PBXSourcesBuildPhase;
			buildActionMask = 2147483647;
			files = (
				6F5B5BAF1F9CED90001881CB /* ViewController.swift in Sources */,
				6F5B5BAD1F9CED90001881CB /* AppDelegate.swift in Sources */,
			);
			runOnlyForDeploymentPostprocessing = 0;
		};
		6F5B5BB91F9CED91001881CB /* Sources */ = {
			isa = PBXSourcesBuildPhase;
			buildActionMask = 2147483647;
			files = (
				6F5B5BC21F9CED91001881CB /* iOSCodingChallengeTests.swift in Sources */,
			);
			runOnlyForDeploymentPostprocessing = 0;
		};
		6F5B5BC41F9CED91001881CB /* Sources */ = {
			isa = PBXSourcesBuildPhase;
			buildActionMask = 2147483647;
			files = (
				6F5B5BCD1F9CED91001881CB /* iOSCodingChallengeUITests.swift in Sources */,
			);
			runOnlyForDeploymentPostprocessing = 0;
		};
/* End PBXSourcesBuildPhase section */

/* Begin PBXTargetDependency section */
		6F5B5BBF1F9CED91001881CB /* PBXTargetDependency */ = {
			isa = PBXTargetDependency;
			target = 6F5B5BA81F9CED90001881CB /* iOSCodingChallenge */;
			targetProxy = 6F5B5BBE1F9CED91001881CB /* PBXContainerItemProxy */;
		};
		6F5B5BCA1F9CED91001881CB /* PBXTargetDependency */ = {
			isa = PBXTargetDependency;
			target = 6F5B5BA81F9CED90001881CB /* iOSCodingChallenge */;
			targetProxy = 6F5B5BC91F9CED91001881CB /* PBXContainerItemProxy */;
		};
/* End PBXTargetDependency section */

/* Begin PBXVariantGroup section */
		6F5B5BB01F9CED90001881CB /* Main.storyboard */ = {
			isa = PBXVariantGroup;
			children = (
				6F5B5BB11F9CED90001881CB /* Base */,
			);
			name = Main.storyboard;
			sourceTree = "<group>";
		};
		6F5B5BB51F9CED90001881CB /* LaunchScreen.storyboard */ = {
			isa = PBXVariantGroup;
			children = (
				6F5B5BB61F9CED90001881CB /* Base */,
			);
			name = LaunchScreen.storyboard;
			sourceTree = "<group>";
		};
/* End PBXVariantGroup section */

/* Begin XCBuildConfiguration section */
		6F5B5BCF1F9CED91001881CB /* Debug */ = {
			isa = XCBuildConfiguration;
			buildSettings = {
				ALWAYS_SEARCH_USER_PATHS = NO;
				CLANG_ANALYZER_NONNULL = YES;
				CLANG_ANALYZER_NUMBER_OBJECT_CONVERSION = YES_AGGRESSIVE;
				CLANG_CXX_LANGUAGE_STANDARD = "gnu++0x";
				CLANG_CXX_LIBRARY = "libc++";
				CLANG_ENABLE_MODULES = YES;
				CLANG_ENABLE_OBJC_ARC = YES;
				CLANG_WARN_BOOL_CONVERSION = YES;
				CLANG_WARN_CONSTANT_CONVERSION = YES;
				CLANG_WARN_DIRECT_OBJC_ISA_USAGE = YES_ERROR;
				CLANG_WARN_DOCUMENTATION_COMMENTS = YES;
				CLANG_WARN_EMPTY_BODY = YES;
				CLANG_WARN_ENUM_CONVERSION = YES;
				CLANG_WARN_INFINITE_RECURSION = YES;
				CLANG_WARN_INT_CONVERSION = YES;
				CLANG_WARN_OBJC_ROOT_CLASS = YES_ERROR;
				CLANG_WARN_SUSPICIOUS_MOVE = YES;
				CLANG_WARN_UNREACHABLE_CODE = YES;
				CLANG_WARN__DUPLICATE_METHOD_MATCH = YES;
				"CODE_SIGN_IDENTITY[sdk=iphoneos*]" = "iPhone Developer";
				COPY_PHASE_STRIP = NO;
				DEBUG_INFORMATION_FORMAT = dwarf;
				ENABLE_STRICT_OBJC_MSGSEND = YES;
				ENABLE_TESTABILITY = YES;
				GCC_C_LANGUAGE_STANDARD = gnu99;
				GCC_DYNAMIC_NO_PIC = NO;
				GCC_NO_COMMON_BLOCKS = YES;
				GCC_OPTIMIZATION_LEVEL = 0;
				GCC_PREPROCESSOR_DEFINITIONS = (
					"DEBUG=1",
					"$(inherited)",
				);
				GCC_WARN_64_TO_32_BIT_CONVERSION = YES;
				GCC_WARN_ABOUT_RETURN_TYPE = YES_ERROR;
				GCC_WARN_UNDECLARED_SELECTOR = YES;
				GCC_WARN_UNINITIALIZED_AUTOS = YES_AGGRESSIVE;
				GCC_WARN_UNUSED_FUNCTION = YES;
				GCC_WARN_UNUSED_VARIABLE = YES;
				IPHONEOS_DEPLOYMENT_TARGET = 10.3;
				MTL_ENABLE_DEBUG_INFO = YES;
				ONLY_ACTIVE_ARCH = YES;
				SDKROOT = iphoneos;
				SWIFT_ACTIVE_COMPILATION_CONDITIONS = DEBUG;
				SWIFT_OPTIMIZATION_LEVEL = "-Onone";
			};
			name = Debug;
		};
		6F5B5BD01F9CED91001881CB /* Release */ = {
			isa = XCBuildConfiguration;
			buildSettings = {
				ALWAYS_SEARCH_USER_PATHS = NO;
				CLANG_ANALYZER_NONNULL = YES;
				CLANG_ANALYZER_NUMBER_OBJECT_CONVERSION = YES_AGGRESSIVE;
				CLANG_CXX_LANGUAGE_STANDARD = "gnu++0x";
				CLANG_CXX_LIBRARY = "libc++";
				CLANG_ENABLE_MODULES = YES;
				CLANG_ENABLE_OBJC_ARC = YES;
				CLANG_WARN_BOOL_CONVERSION = YES;
				CLANG_WARN_CONSTANT_CONVERSION = YES;
				CLANG_WARN_DIRECT_OBJC_ISA_USAGE = YES_ERROR;
				CLANG_WARN_DOCUMENTATION_COMMENTS = YES;
				CLANG_WARN_EMPTY_BODY = YES;
				CLANG_WARN_ENUM_CONVERSION = YES;
				CLANG_WARN_INFINITE_RECURSION = YES;
				CLANG_WARN_INT_CONVERSION = YES;
				CLANG_WARN_OBJC_ROOT_CLASS = YES_ERROR;
				CLANG_WARN_SUSPICIOUS_MOVE = YES;
				CLANG_WARN_UNREACHABLE_CODE = YES;
				CLANG_WARN__DUPLICATE_METHOD_MATCH = YES;
				"CODE_SIGN_IDENTITY[sdk=iphoneos*]" = "iPhone Developer";
				COPY_PHASE_STRIP = NO;
				DEBUG_INFORMATION_FORMAT = "dwarf-with-dsym";
				ENABLE_NS_ASSERTIONS = NO;
				ENABLE_STRICT_OBJC_MSGSEND = YES;
				GCC_C_LANGUAGE_STANDARD = gnu99;
				GCC_NO_COMMON_BLOCKS = YES;
				GCC_WARN_64_TO_32_BIT_CONVERSION = YES;
				GCC_WARN_ABOUT_RETURN_TYPE = YES_ERROR;
				GCC_WARN_UNDECLARED_SELECTOR = YES;
				GCC_WARN_UNINITIALIZED_AUTOS = YES_AGGRESSIVE;
				GCC_WARN_UNUSED_FUNCTION = YES;
				GCC_WARN_UNUSED_VARIABLE = YES;
				IPHONEOS_DEPLOYMENT_TARGET = 10.3;
				MTL_ENABLE_DEBUG_INFO = NO;
				SDKROOT = iphoneos;
				SWIFT_OPTIMIZATION_LEVEL = "-Owholemodule";
				VALIDATE_PRODUCT = YES;
			};
			name = Release;
		};
		6F5B5BD21F9CED91001881CB /* Debug */ = {
			isa = XCBuildConfiguration;
			buildSettings = {
				ASSETCATALOG_COMPILER_APPICON_NAME = AppIcon;
				"CODE_SIGN_IDENTITY[sdk=iphoneos*]" = "iPhone Developer";
				DEVELOPMENT_TEAM = "";
				INFOPLIST_FILE = iOSCodingChallenge/Info.plist;
				LD_RUNPATH_SEARCH_PATHS = "$(inherited) @executable_path/Frameworks";
				PRODUCT_BUNDLE_IDENTIFIER = KP.iOSCodingChallenge;
				PRODUCT_NAME = "$(TARGET_NAME)";
				PROVISIONING_PROFILE_SPECIFIER = "";
				SWIFT_VERSION = 3.0;
			};
			name = Debug;
		};
		6F5B5BD31F9CED91001881CB /* Release */ = {
			isa = XCBuildConfiguration;
			buildSettings = {
				ASSETCATALOG_COMPILER_APPICON_NAME = AppIcon;
				"CODE_SIGN_IDENTITY[sdk=iphoneos*]" = "iPhone Developer";
				DEVELOPMENT_TEAM = "";
				INFOPLIST_FILE = iOSCodingChallenge/Info.plist;
				LD_RUNPATH_SEARCH_PATHS = "$(inherited) @executable_path/Frameworks";
				PRODUCT_BUNDLE_IDENTIFIER = KP.iOSCodingChallenge;
				PRODUCT_NAME = "$(TARGET_NAME)";
				PROVISIONING_PROFILE_SPECIFIER = "";
				SWIFT_VERSION = 3.0;
			};
			name = Release;
		};
		6F5B5BD51F9CED91001881CB /* Debug */ = {
			isa = XCBuildConfiguration;
			buildSettings = {
				ALWAYS_EMBED_SWIFT_STANDARD_LIBRARIES = YES;
				BUNDLE_LOADER = "$(TEST_HOST)";
				DEVELOPMENT_TEAM = 994NB4DHVP;
				INFOPLIST_FILE = iOSCodingChallengeTests/Info.plist;
				LD_RUNPATH_SEARCH_PATHS = "$(inherited) @executable_path/Frameworks @loader_path/Frameworks";
				PRODUCT_BUNDLE_IDENTIFIER = KP.iOSCodingChallengeTests;
				PRODUCT_NAME = "$(TARGET_NAME)";
				SWIFT_VERSION = 3.0;
				TEST_HOST = "$(BUILT_PRODUCTS_DIR)/iOSCodingChallenge.app/iOSCodingChallenge";
			};
			name = Debug;
		};
		6F5B5BD61F9CED91001881CB /* Release */ = {
			isa = XCBuildConfiguration;
			buildSettings = {
				ALWAYS_EMBED_SWIFT_STANDARD_LIBRARIES = YES;
				BUNDLE_LOADER = "$(TEST_HOST)";
				DEVELOPMENT_TEAM = 994NB4DHVP;
				INFOPLIST_FILE = iOSCodingChallengeTests/Info.plist;
				LD_RUNPATH_SEARCH_PATHS = "$(inherited) @executable_path/Frameworks @loader_path/Frameworks";
				PRODUCT_BUNDLE_IDENTIFIER = KP.iOSCodingChallengeTests;
				PRODUCT_NAME = "$(TARGET_NAME)";
				SWIFT_VERSION = 3.0;
				TEST_HOST = "$(BUILT_PRODUCTS_DIR)/iOSCodingChallenge.app/iOSCodingChallenge";
			};
			name = Release;
		};
		6F5B5BD81F9CED91001881CB /* Debug */ = {
			isa = XCBuildConfiguration;
			buildSettings = {
				ALWAYS_EMBED_SWIFT_STANDARD_LIBRARIES = YES;
				DEVELOPMENT_TEAM = 994NB4DHVP;
				INFOPLIST_FILE = iOSCodingChallengeUITests/Info.plist;
				LD_RUNPATH_SEARCH_PATHS = "$(inherited) @executable_path/Frameworks @loader_path/Frameworks";
				PRODUCT_BUNDLE_IDENTIFIER = KP.iOSCodingChallengeUITests;
				PRODUCT_NAME = "$(TARGET_NAME)";
				SWIFT_VERSION = 3.0;
				TEST_TARGET_NAME = iOSCodingChallenge;
			};
			name = Debug;
		};
		6F5B5BD91F9CED91001881CB /* Release */ = {
			isa = XCBuildConfiguration;
			buildSettings = {
				ALWAYS_EMBED_SWIFT_STANDARD_LIBRARIES = YES;
				DEVELOPMENT_TEAM = 994NB4DHVP;
				INFOPLIST_FILE = iOSCodingChallengeUITests/Info.plist;
				LD_RUNPATH_SEARCH_PATHS = "$(inherited) @executable_path/Frameworks @loader_path/Frameworks";
				PRODUCT_BUNDLE_IDENTIFIER = KP.iOSCodingChallengeUITests;
				PRODUCT_NAME = "$(TARGET_NAME)";
				SWIFT_VERSION = 3.0;
				TEST_TARGET_NAME = iOSCodingChallenge;
			};
			name = Release;
		};
/* End XCBuildConfiguration section */

/* Begin XCConfigurationList section */
		6F5B5BA41F9CED90001881CB /* Build configuration list for PBXProject "iOSCodingChallenge" */ = {
			isa = XCConfigurationList;
			buildConfigurations = (
				6F5B5BCF1F9CED91001881CB /* Debug */,
				6F5B5BD01F9CED91001881CB /* Release */,
			);
			defaultConfigurationIsVisible = 0;
			defaultConfigurationName = Release;
		};
		6F5B5BD11F9CED91001881CB /* Build configuration list for PBXNativeTarget "iOSCodingChallenge" */ = {
			isa = XCConfigurationList;
			buildConfigurations = (
				6F5B5BD21F9CED91001881CB /* Debug */,
				6F5B5BD31F9CED91001881CB /* Release */,
			);
			defaultConfigurationIsVisible = 0;
		};
		6F5B5BD41F9CED91001881CB /* Build configuration list for PBXNativeTarget "iOSCodingChallengeTests" */ = {
			isa = XCConfigurationList;
			buildConfigurations = (
				6F5B5BD51F9CED91001881CB /* Debug */,
				6F5B5BD61F9CED91001881CB /* Release */,
			);
			defaultConfigurationIsVisible = 0;
		};
		6F5B5BD71F9CED91001881CB /* Build configuration list for PBXNativeTarget "iOSCodingChallengeUITests" */ = {
			isa = XCConfigurationList;
			buildConfigurations = (
				6F5B5BD81F9CED91001881CB /* Debug */,
				6F5B5BD91F9CED91001881CB /* Release */,
			);
			defaultConfigurationIsVisible = 0;
		};
/* End XCConfigurationList section */
	};
	rootObject = 6F5B5BA11F9CED90001881CB /* Project object */;
}
