// !$*UTF8*$!
{
	archiveVersion = 1;
	classes = {
	};
	objectVersion = 46;
	objects = {

/* Begin PBXBuildFile section */
		08CCEF278A2601CEC573E5F9 /* Pods_iOSCodingChallengeUITests.framework in Frameworks */ = {isa = PBXBuildFile; fileRef = 7881C802ED0AF7AF66E771B2 /* Pods_iOSCodingChallengeUITests.framework */; };
		2030180864A56288D021FB0F /* Pods_iOSCodingChallenge.framework in Frameworks */ = {isa = PBXBuildFile; fileRef = 360710F72C924243BDEEFE4E /* Pods_iOSCodingChallenge.framework */; };
		6F5B5BAD1F9CED90001881CB /* AppDelegate.swift in Sources */ = {isa = PBXBuildFile; fileRef = 6F5B5BAC1F9CED90001881CB /* AppDelegate.swift */; };
		6F5B5BB21F9CED90001881CB /* Main.storyboard in Resources */ = {isa = PBXBuildFile; fileRef = 6F5B5BB01F9CED90001881CB /* Main.storyboard */; };
		6F5B5BB41F9CED90001881CB /* Assets.xcassets in Resources */ = {isa = PBXBuildFile; fileRef = 6F5B5BB31F9CED90001881CB /* Assets.xcassets */; };
		6F5B5BB71F9CED90001881CB /* LaunchScreen.storyboard in Resources */ = {isa = PBXBuildFile; fileRef = 6F5B5BB51F9CED90001881CB /* LaunchScreen.storyboard */; };
		6F5B5BC21F9CED91001881CB /* iOSCodingChallengeTests.swift in Sources */ = {isa = PBXBuildFile; fileRef = 6F5B5BC11F9CED91001881CB /* iOSCodingChallengeTests.swift */; };
		6F5B5BCD1F9CED91001881CB /* iOSCodingChallengeUITests.swift in Sources */ = {isa = PBXBuildFile; fileRef = 6F5B5BCC1F9CED91001881CB /* iOSCodingChallengeUITests.swift */; };
		6F5B5BDB1F9CEF96001881CB /* config.plist in Resources */ = {isa = PBXBuildFile; fileRef = 6F5B5BDA1F9CEF96001881CB /* config.plist */; };
		6F5B5BDD1F9CEFCF001881CB /* dist.config.plist in Resources */ = {isa = PBXBuildFile; fileRef = 6F5B5BDC1F9CEFCF001881CB /* dist.config.plist */; };
		6F5B5BE11F9CF219001881CB /* Config.swift in Sources */ = {isa = PBXBuildFile; fileRef = 6F5B5BE01F9CF219001881CB /* Config.swift */; };
		6F5B5BE31F9CF2AF001881CB /* AppAPI.swift in Sources */ = {isa = PBXBuildFile; fileRef = 6F5B5BE21F9CF2AF001881CB /* AppAPI.swift */; };
		6F5B5BE61F9CF321001881CB /* Manager.swift in Sources */ = {isa = PBXBuildFile; fileRef = 6F5B5BE51F9CF321001881CB /* Manager.swift */; };
		6F5B5BEB1F9CF7F5001881CB /* PoisListViewController.swift in Sources */ = {isa = PBXBuildFile; fileRef = 6F5B5BEA1F9CF7F5001881CB /* PoisListViewController.swift */; };
		6F5B5BED1F9CF986001881CB /* PoiWrapper.swift in Sources */ = {isa = PBXBuildFile; fileRef = 6F5B5BEC1F9CF986001881CB /* PoiWrapper.swift */; };
		6F5B5BEF1F9CF9B5001881CB /* Poi.swift in Sources */ = {isa = PBXBuildFile; fileRef = 6F5B5BEE1F9CF9B5001881CB /* Poi.swift */; };
		6F5B5BF11F9CFA09001881CB /* Coordinate.swift in Sources */ = {isa = PBXBuildFile; fileRef = 6F5B5BF01F9CFA09001881CB /* Coordinate.swift */; };
		6F5B5BF51F9CFFD4001881CB /* MapViewController.m in Sources */ = {isa = PBXBuildFile; fileRef = 6F5B5BF41F9CFFD4001881CB /* MapViewController.m */; };
		6F5B5BF71F9D049D001881CB /* Map.storyboard in Resources */ = {isa = PBXBuildFile; fileRef = 6F5B5BF61F9D049D001881CB /* Map.storyboard */; };
		6F5B5BFA1F9D0BD4001881CB /* UIViewController.swift in Sources */ = {isa = PBXBuildFile; fileRef = 6F5B5BF91F9D0BD4001881CB /* UIViewController.swift */; };
		6F5B5BFC1F9D0F1C001881CB /* PoiDetails.storyboard in Resources */ = {isa = PBXBuildFile; fileRef = 6F5B5BFB1F9D0F1C001881CB /* PoiDetails.storyboard */; };
		6F5B5BFE1F9D0F4B001881CB /* PoiDetailsViewController.swift in Sources */ = {isa = PBXBuildFile; fileRef = 6F5B5BFD1F9D0F4B001881CB /* PoiDetailsViewController.swift */; };
		F5898B7D2C278617E4DAFA33 /* Pods_iOSCodingChallengeTests.framework in Frameworks */ = {isa = PBXBuildFile; fileRef = 62DE380B3969EAB00132D598 /* Pods_iOSCodingChallengeTests.framework */; };
/* End PBXBuildFile section */

/* Begin PBXContainerItemProxy section */
		6F5B5BBE1F9CED91001881CB /* PBXContainerItemProxy */ = {
			isa = PBXContainerItemProxy;
			containerPortal = 6F5B5BA11F9CED90001881CB /* Project object */;
			proxyType = 1;
			remoteGlobalIDString = 6F5B5BA81F9CED90001881CB;
			remoteInfo = iOSCodingChallenge;
		};
		6F5B5BC91F9CED91001881CB /* PBXContainerItemProxy */ = {
			isa = PBXContainerItemProxy;
			containerPortal = 6F5B5BA11F9CED90001881CB /* Project object */;
			proxyType = 1;
			remoteGlobalIDString = 6F5B5BA81F9CED90001881CB;
			remoteInfo = iOSCodingChallenge;
		};
/* End PBXContainerItemProxy section */

/* Begin PBXFileReference section */
		269275B7080FB134AF5F60E0 /* Pods-iOSCodingChallengeTests.release.xcconfig */ = {isa = PBXFileReference; includeInIndex = 1; lastKnownFileType = text.xcconfig; name = "Pods-iOSCodingChallengeTests.release.xcconfig"; path = "Pods/Target Support Files/Pods-iOSCodingChallengeTests/Pods-iOSCodingChallengeTests.release.xcconfig"; sourceTree = "<group>"; };
		2C823EA08D25F5876BCF712D /* Pods-iOSCodingChallengeUITests.debug.xcconfig */ = {isa = PBXFileReference; includeInIndex = 1; lastKnownFileType = text.xcconfig; name = "Pods-iOSCodingChallengeUITests.debug.xcconfig"; path = "Pods/Target Support Files/Pods-iOSCodingChallengeUITests/Pods-iOSCodingChallengeUITests.debug.xcconfig"; sourceTree = "<group>"; };
		360710F72C924243BDEEFE4E /* Pods_iOSCodingChallenge.framework */ = {isa = PBXFileReference; explicitFileType = wrapper.framework; includeInIndex = 0; path = Pods_iOSCodingChallenge.framework; sourceTree = BUILT_PRODUCTS_DIR; };
		5239E0E7BCD84368B42A81EA /* Pods-iOSCodingChallengeTests.debug.xcconfig */ = {isa = PBXFileReference; includeInIndex = 1; lastKnownFileType = text.xcconfig; name = "Pods-iOSCodingChallengeTests.debug.xcconfig"; path = "Pods/Target Support Files/Pods-iOSCodingChallengeTests/Pods-iOSCodingChallengeTests.debug.xcconfig"; sourceTree = "<group>"; };
		62DE380B3969EAB00132D598 /* Pods_iOSCodingChallengeTests.framework */ = {isa = PBXFileReference; explicitFileType = wrapper.framework; includeInIndex = 0; path = Pods_iOSCodingChallengeTests.framework; sourceTree = BUILT_PRODUCTS_DIR; };
		6F5B5BA91F9CED90001881CB /* iOSCodingChallenge.app */ = {isa = PBXFileReference; explicitFileType = wrapper.application; includeInIndex = 0; path = iOSCodingChallenge.app; sourceTree = BUILT_PRODUCTS_DIR; };
		6F5B5BAC1F9CED90001881CB /* AppDelegate.swift */ = {isa = PBXFileReference; lastKnownFileType = sourcecode.swift; path = AppDelegate.swift; sourceTree = "<group>"; };
		6F5B5BB11F9CED90001881CB /* Base */ = {isa = PBXFileReference; lastKnownFileType = file.storyboard; name = Base; path = Base.lproj/Main.storyboard; sourceTree = "<group>"; };
		6F5B5BB31F9CED90001881CB /* Assets.xcassets */ = {isa = PBXFileReference; lastKnownFileType = folder.assetcatalog; path = Assets.xcassets; sourceTree = "<group>"; };
		6F5B5BB61F9CED90001881CB /* Base */ = {isa = PBXFileReference; lastKnownFileType = file.storyboard; name = Base; path = Base.lproj/LaunchScreen.storyboard; sourceTree = "<group>"; };
		6F5B5BB81F9CED90001881CB /* Info.plist */ = {isa = PBXFileReference; lastKnownFileType = text.plist.xml; path = Info.plist; sourceTree = "<group>"; };
		6F5B5BBD1F9CED91001881CB /* iOSCodingChallengeTests.xctest */ = {isa = PBXFileReference; explicitFileType = wrapper.cfbundle; includeInIndex = 0; path = iOSCodingChallengeTests.xctest; sourceTree = BUILT_PRODUCTS_DIR; };
		6F5B5BC11F9CED91001881CB /* iOSCodingChallengeTests.swift */ = {isa = PBXFileReference; lastKnownFileType = sourcecode.swift; path = iOSCodingChallengeTests.swift; sourceTree = "<group>"; };
		6F5B5BC31F9CED91001881CB /* Info.plist */ = {isa = PBXFileReference; lastKnownFileType = text.plist.xml; path = Info.plist; sourceTree = "<group>"; };
		6F5B5BC81F9CED91001881CB /* iOSCodingChallengeUITests.xctest */ = {isa = PBXFileReference; explicitFileType = wrapper.cfbundle; includeInIndex = 0; path = iOSCodingChallengeUITests.xctest; sourceTree = BUILT_PRODUCTS_DIR; };
		6F5B5BCC1F9CED91001881CB /* iOSCodingChallengeUITests.swift */ = {isa = PBXFileReference; lastKnownFileType = sourcecode.swift; path = iOSCodingChallengeUITests.swift; sourceTree = "<group>"; };
		6F5B5BCE1F9CED91001881CB /* Info.plist */ = {isa = PBXFileReference; lastKnownFileType = text.plist.xml; path = Info.plist; sourceTree = "<group>"; };
		6F5B5BDA1F9CEF96001881CB /* config.plist */ = {isa = PBXFileReference; fileEncoding = 4; lastKnownFileType = text.plist.xml; path = config.plist; sourceTree = "<group>"; };
		6F5B5BDC1F9CEFCF001881CB /* dist.config.plist */ = {isa = PBXFileReference; fileEncoding = 4; lastKnownFileType = text.plist.xml; path = dist.config.plist; sourceTree = "<group>"; };
		6F5B5BE01F9CF219001881CB /* Config.swift */ = {isa = PBXFileReference; fileEncoding = 4; lastKnownFileType = sourcecode.swift; path = Config.swift; sourceTree = "<group>"; };
		6F5B5BE21F9CF2AF001881CB /* AppAPI.swift */ = {isa = PBXFileReference; fileEncoding = 4; lastKnownFileType = sourcecode.swift; path = AppAPI.swift; sourceTree = "<group>"; };
		6F5B5BE51F9CF321001881CB /* Manager.swift */ = {isa = PBXFileReference; fileEncoding = 4; lastKnownFileType = sourcecode.swift; path = Manager.swift; sourceTree = "<group>"; };
		6F5B5BEA1F9CF7F5001881CB /* PoisListViewController.swift */ = {isa = PBXFileReference; fileEncoding = 4; lastKnownFileType = sourcecode.swift; path = PoisListViewController.swift; sourceTree = "<group>"; };
		6F5B5BEC1F9CF986001881CB /* PoiWrapper.swift */ = {isa = PBXFileReference; fileEncoding = 4; lastKnownFileType = sourcecode.swift; path = PoiWrapper.swift; sourceTree = "<group>"; };
		6F5B5BEE1F9CF9B5001881CB /* Poi.swift */ = {isa = PBXFileReference; fileEncoding = 4; lastKnownFileType = sourcecode.swift; path = Poi.swift; sourceTree = "<group>"; };
		6F5B5BF01F9CFA09001881CB /* Coordinate.swift */ = {isa = PBXFileReference; fileEncoding = 4; lastKnownFileType = sourcecode.swift; path = Coordinate.swift; sourceTree = "<group>"; };
		6F5B5BF21F9CFFD3001881CB /* iOSCodingChallenge-Bridging-Header.h */ = {isa = PBXFileReference; lastKnownFileType = sourcecode.c.h; path = "iOSCodingChallenge-Bridging-Header.h"; sourceTree = "<group>"; };
		6F5B5BF31F9CFFD4001881CB /* MapViewController.h */ = {isa = PBXFileReference; fileEncoding = 4; lastKnownFileType = sourcecode.c.h; path = MapViewController.h; sourceTree = "<group>"; };
		6F5B5BF41F9CFFD4001881CB /* MapViewController.m */ = {isa = PBXFileReference; fileEncoding = 4; lastKnownFileType = sourcecode.c.objc; path = MapViewController.m; sourceTree = "<group>"; };
		6F5B5BF61F9D049D001881CB /* Map.storyboard */ = {isa = PBXFileReference; fileEncoding = 4; lastKnownFileType = file.storyboard; path = Map.storyboard; sourceTree = "<group>"; };
		6F5B5BF91F9D0BD4001881CB /* UIViewController.swift */ = {isa = PBXFileReference; fileEncoding = 4; lastKnownFileType = sourcecode.swift; path = UIViewController.swift; sourceTree = "<group>"; };
		6F5B5BFB1F9D0F1C001881CB /* PoiDetails.storyboard */ = {isa = PBXFileReference; fileEncoding = 4; lastKnownFileType = file.storyboard; path = PoiDetails.storyboard; sourceTree = "<group>"; };
		6F5B5BFD1F9D0F4B001881CB /* PoiDetailsViewController.swift */ = {isa = PBXFileReference; fileEncoding = 4; lastKnownFileType = sourcecode.swift; path = PoiDetailsViewController.swift; sourceTree = "<group>"; };
		7881C802ED0AF7AF66E771B2 /* Pods_iOSCodingChallengeUITests.framework */ = {isa = PBXFileReference; explicitFileType = wrapper.framework; includeInIndex = 0; path = Pods_iOSCodingChallengeUITests.framework; sourceTree = BUILT_PRODUCTS_DIR; };
		A4D6DD1733CBC56FE28A6071 /* Pods-iOSCodingChallenge.release.xcconfig */ = {isa = PBXFileReference; includeInIndex = 1; lastKnownFileType = text.xcconfig; name = "Pods-iOSCodingChallenge.release.xcconfig"; path = "Pods/Target Support Files/Pods-iOSCodingChallenge/Pods-iOSCodingChallenge.release.xcconfig"; sourceTree = "<group>"; };
		F5567623861A94A4CACC43A4 /* Pods-iOSCodingChallengeUITests.release.xcconfig */ = {isa = PBXFileReference; includeInIndex = 1; lastKnownFileType = text.xcconfig; name = "Pods-iOSCodingChallengeUITests.release.xcconfig"; path = "Pods/Target Support Files/Pods-iOSCodingChallengeUITests/Pods-iOSCodingChallengeUITests.release.xcconfig"; sourceTree = "<group>"; };
		FDEC35E113F75621056DFAF8 /* Pods-iOSCodingChallenge.debug.xcconfig */ = {isa = PBXFileReference; includeInIndex = 1; lastKnownFileType = text.xcconfig; name = "Pods-iOSCodingChallenge.debug.xcconfig"; path = "Pods/Target Support Files/Pods-iOSCodingChallenge/Pods-iOSCodingChallenge.debug.xcconfig"; sourceTree = "<group>"; };
/* End PBXFileReference section */

/* Begin PBXFrameworksBuildPhase section */
		6F5B5BA61F9CED90001881CB /* Frameworks */ = {
			isa = PBXFrameworksBuildPhase;
			buildActionMask = 2147483647;
			files = (
				2030180864A56288D021FB0F /* Pods_iOSCodingChallenge.framework in Frameworks */,
			);
			runOnlyForDeploymentPostprocessing = 0;
		};
		6F5B5BBA1F9CED91001881CB /* Frameworks */ = {
			isa = PBXFrameworksBuildPhase;
			buildActionMask = 2147483647;
			files = (
				F5898B7D2C278617E4DAFA33 /* Pods_iOSCodingChallengeTests.framework in Frameworks */,
			);
			runOnlyForDeploymentPostprocessing = 0;
		};
		6F5B5BC51F9CED91001881CB /* Frameworks */ = {
			isa = PBXFrameworksBuildPhase;
			buildActionMask = 2147483647;
			files = (
				08CCEF278A2601CEC573E5F9 /* Pods_iOSCodingChallengeUITests.framework in Frameworks */,
			);
			runOnlyForDeploymentPostprocessing = 0;
		};
/* End PBXFrameworksBuildPhase section */

/* Begin PBXGroup section */
		5D5C1F46FC5410BEDE4EBC41 /* Frameworks */ = {
			isa = PBXGroup;
			children = (
				360710F72C924243BDEEFE4E /* Pods_iOSCodingChallenge.framework */,
				62DE380B3969EAB00132D598 /* Pods_iOSCodingChallengeTests.framework */,
				7881C802ED0AF7AF66E771B2 /* Pods_iOSCodingChallengeUITests.framework */,
			);
			name = Frameworks;
			sourceTree = "<group>";
		};
		6F5B5BA01F9CED90001881CB = {
			isa = PBXGroup;
			children = (
				6F5B5BAB1F9CED90001881CB /* iOSCodingChallenge */,
				6F5B5BC01F9CED91001881CB /* iOSCodingChallengeTests */,
				6F5B5BCB1F9CED91001881CB /* iOSCodingChallengeUITests */,
				6F5B5BAA1F9CED90001881CB /* Products */,
				C2B11747E42B25B45ED15ABF /* Pods */,
				5D5C1F46FC5410BEDE4EBC41 /* Frameworks */,
			);
			sourceTree = "<group>";
		};
		6F5B5BAA1F9CED90001881CB /* Products */ = {
			isa = PBXGroup;
			children = (
				6F5B5BA91F9CED90001881CB /* iOSCodingChallenge.app */,
				6F5B5BBD1F9CED91001881CB /* iOSCodingChallengeTests.xctest */,
				6F5B5BC81F9CED91001881CB /* iOSCodingChallengeUITests.xctest */,
			);
			name = Products;
			sourceTree = "<group>";
		};
		6F5B5BAB1F9CED90001881CB /* iOSCodingChallenge */ = {
			isa = PBXGroup;
			children = (
				6F5B5BAC1F9CED90001881CB /* AppDelegate.swift */,
				6F5B5BE01F9CF219001881CB /* Config.swift */,
				6F5B5BE21F9CF2AF001881CB /* AppAPI.swift */,
				6F5B5BE51F9CF321001881CB /* Manager.swift */,
				6F5B5BE91F9CF7B9001881CB /* Models */,
				6F5B5BE71F9CF797001881CB /* Controllers */,
				6F5B5BE81F9CF7A2001881CB /* Storyboards */,
				6F5B5BF81F9D0BB4001881CB /* Extensions */,
				6F5B5BB31F9CED90001881CB /* Assets.xcassets */,
				6F5B5BB51F9CED90001881CB /* LaunchScreen.storyboard */,
				6F5B5BB81F9CED90001881CB /* Info.plist */,
				6F5B5BDA1F9CEF96001881CB /* config.plist */,
				6F5B5BDC1F9CEFCF001881CB /* dist.config.plist */,
				6F5B5BF21F9CFFD3001881CB /* iOSCodingChallenge-Bridging-Header.h */,
			);
			path = iOSCodingChallenge;
			sourceTree = "<group>";
		};
		6F5B5BC01F9CED91001881CB /* iOSCodingChallengeTests */ = {
			isa = PBXGroup;
			children = (
				6F5B5BC11F9CED91001881CB /* iOSCodingChallengeTests.swift */,
				6F5B5BC31F9CED91001881CB /* Info.plist */,
			);
			path = iOSCodingChallengeTests;
			sourceTree = "<group>";
		};
		6F5B5BCB1F9CED91001881CB /* iOSCodingChallengeUITests */ = {
			isa = PBXGroup;
			children = (
				6F5B5BCC1F9CED91001881CB /* iOSCodingChallengeUITests.swift */,
				6F5B5BCE1F9CED91001881CB /* Info.plist */,
			);
			path = iOSCodingChallengeUITests;
			sourceTree = "<group>";
		};
		6F5B5BE71F9CF797001881CB /* Controllers */ = {
			isa = PBXGroup;
			children = (
				6F5B5BEA1F9CF7F5001881CB /* PoisListViewController.swift */,
				6F5B5BF31F9CFFD4001881CB /* MapViewController.h */,
				6F5B5BF41F9CFFD4001881CB /* MapViewController.m */,
				6F5B5BFD1F9D0F4B001881CB /* PoiDetailsViewController.swift */,
			);
			name = Controllers;
			sourceTree = "<group>";
		};
		6F5B5BE81F9CF7A2001881CB /* Storyboards */ = {
			isa = PBXGroup;
			children = (
				6F5B5BB01F9CED90001881CB /* Main.storyboard */,
				6F5B5BF61F9D049D001881CB /* Map.storyboard */,
				6F5B5BFB1F9D0F1C001881CB /* PoiDetails.storyboard */,
			);
			name = Storyboards;
			path = ..;
			sourceTree = "<group>";
		};
		6F5B5BE91F9CF7B9001881CB /* Models */ = {
			isa = PBXGroup;
			children = (
				6F5B5BEC1F9CF986001881CB /* PoiWrapper.swift */,
				6F5B5BEE1F9CF9B5001881CB /* Poi.swift */,
				6F5B5BF01F9CFA09001881CB /* Coordinate.swift */,
			);
			name = Models;
			sourceTree = "<group>";
		};
		6F5B5BF81F9D0BB4001881CB /* Extensions */ = {
			isa = PBXGroup;
			children = (
				6F5B5BF91F9D0BD4001881CB /* UIViewController.swift */,
			);
			name = Extensions;
			path = ..;
			sourceTree = "<group>";
		};
		C2B11747E42B25B45ED15ABF /* Pods */ = {
			isa = PBXGroup;
			children = (
				FDEC35E113F75621056DFAF8 /* Pods-iOSCodingChallenge.debug.xcconfig */,
				A4D6DD1733CBC56FE28A6071 /* Pods-iOSCodingChallenge.release.xcconfig */,
				5239E0E7BCD84368B42A81EA /* Pods-iOSCodingChallengeTests.debug.xcconfig */,
				269275B7080FB134AF5F60E0 /* Pods-iOSCodingChallengeTests.release.xcconfig */,
				2C823EA08D25F5876BCF712D /* Pods-iOSCodingChallengeUITests.debug.xcconfig */,
				F5567623861A94A4CACC43A4 /* Pods-iOSCodingChallengeUITests.release.xcconfig */,
			);
			name = Pods;
			sourceTree = "<group>";
		};
/* End PBXGroup section */

/* Begin PBXNativeTarget section */
		6F5B5BA81F9CED90001881CB /* iOSCodingChallenge */ = {
			isa = PBXNativeTarget;
			buildConfigurationList = 6F5B5BD11F9CED91001881CB /* Build configuration list for PBXNativeTarget "iOSCodingChallenge" */;
			buildPhases = (
				DB388622CD75AF2C6F63E89B /* [CP] Check Pods Manifest.lock */,
				6F5B5BA51F9CED90001881CB /* Sources */,
				6F5B5BA61F9CED90001881CB /* Frameworks */,
				6F5B5BA71F9CED90001881CB /* Resources */,
				D760D95CD3F2D97949565E1E /* [CP] Embed Pods Frameworks */,
				3B67784F4E803A96EE54CC17 /* [CP] Copy Pods Resources */,
			);
			buildRules = (
			);
			dependencies = (
			);
			name = iOSCodingChallenge;
			productName = iOSCodingChallenge;
			productReference = 6F5B5BA91F9CED90001881CB /* iOSCodingChallenge.app */;
			productType = "com.apple.product-type.application";
		};
		6F5B5BBC1F9CED91001881CB /* iOSCodingChallengeTests */ = {
			isa = PBXNativeTarget;
			buildConfigurationList = 6F5B5BD41F9CED91001881CB /* Build configuration list for PBXNativeTarget "iOSCodingChallengeTests" */;
			buildPhases = (
				31DE195C052BBB54EC354A60 /* [CP] Check Pods Manifest.lock */,
				6F5B5BB91F9CED91001881CB /* Sources */,
				6F5B5BBA1F9CED91001881CB /* Frameworks */,
				6F5B5BBB1F9CED91001881CB /* Resources */,
				797198AE66AA0B01F388E042 /* [CP] Embed Pods Frameworks */,
				4CA3D209D775786605548327 /* [CP] Copy Pods Resources */,
			);
			buildRules = (
			);
			dependencies = (
				6F5B5BBF1F9CED91001881CB /* PBXTargetDependency */,
			);
			name = iOSCodingChallengeTests;
			productName = iOSCodingChallengeTests;
			productReference = 6F5B5BBD1F9CED91001881CB /* iOSCodingChallengeTests.xctest */;
			productType = "com.apple.product-type.bundle.unit-test";
		};
		6F5B5BC71F9CED91001881CB /* iOSCodingChallengeUITests */ = {
			isa = PBXNativeTarget;
			buildConfigurationList = 6F5B5BD71F9CED91001881CB /* Build configuration list for PBXNativeTarget "iOSCodingChallengeUITests" */;
			buildPhases = (
				232085B6363CD3E8D549DF21 /* [CP] Check Pods Manifest.lock */,
				6F5B5BC41F9CED91001881CB /* Sources */,
				6F5B5BC51F9CED91001881CB /* Frameworks */,
				6F5B5BC61F9CED91001881CB /* Resources */,
				AC5CD7AEFC13F8F7FE2D2F34 /* [CP] Embed Pods Frameworks */,
				3D5C5EF21ED5A054C9F41AAF /* [CP] Copy Pods Resources */,
			);
			buildRules = (
			);
			dependencies = (
				6F5B5BCA1F9CED91001881CB /* PBXTargetDependency */,
			);
			name = iOSCodingChallengeUITests;
			productName = iOSCodingChallengeUITests;
			productReference = 6F5B5BC81F9CED91001881CB /* iOSCodingChallengeUITests.xctest */;
			productType = "com.apple.product-type.bundle.ui-testing";
		};
/* End PBXNativeTarget section */

/* Begin PBXProject section */
		6F5B5BA11F9CED90001881CB /* Project object */ = {
			isa = PBXProject;
			attributes = {
				LastSwiftUpdateCheck = 0830;
				LastUpgradeCheck = 0830;
				ORGANIZATIONNAME = KeshPola;
				TargetAttributes = {
					6F5B5BA81F9CED90001881CB = {
						CreatedOnToolsVersion = 8.3.3;
						LastSwiftMigration = 0830;
						ProvisioningStyle = Automatic;
					};
					6F5B5BBC1F9CED91001881CB = {
						CreatedOnToolsVersion = 8.3.3;
						DevelopmentTeam = 994NB4DHVP;
						ProvisioningStyle = Automatic;
						TestTargetID = 6F5B5BA81F9CED90001881CB;
					};
					6F5B5BC71F9CED91001881CB = {
						CreatedOnToolsVersion = 8.3.3;
						DevelopmentTeam = 994NB4DHVP;
						ProvisioningStyle = Automatic;
						TestTargetID = 6F5B5BA81F9CED90001881CB;
					};
				};
			};
			buildConfigurationList = 6F5B5BA41F9CED90001881CB /* Build configuration list for PBXProject "iOSCodingChallenge" */;
			compatibilityVersion = "Xcode 3.2";
			developmentRegion = English;
			hasScannedForEncodings = 0;
			knownRegions = (
				en,
				Base,
			);
			mainGroup = 6F5B5BA01F9CED90001881CB;
			productRefGroup = 6F5B5BAA1F9CED90001881CB /* Products */;
			projectDirPath = "";
			projectRoot = "";
			targets = (
				6F5B5BA81F9CED90001881CB /* iOSCodingChallenge */,
				6F5B5BBC1F9CED91001881CB /* iOSCodingChallengeTests */,
				6F5B5BC71F9CED91001881CB /* iOSCodingChallengeUITests */,
			);
		};
/* End PBXProject section */

/* Begin PBXResourcesBuildPhase section */
		6F5B5BA71F9CED90001881CB /* Resources */ = {
			isa = PBXResourcesBuildPhase;
			buildActionMask = 2147483647;
			files = (
				6F5B5BDD1F9CEFCF001881CB /* dist.config.plist in Resources */,
				6F5B5BDB1F9CEF96001881CB /* config.plist in Resources */,
				6F5B5BB71F9CED90001881CB /* LaunchScreen.storyboard in Resources */,
				6F5B5BB41F9CED90001881CB /* Assets.xcassets in Resources */,
				6F5B5BB21F9CED90001881CB /* Main.storyboard in Resources */,
				6F5B5BF71F9D049D001881CB /* Map.storyboard in Resources */,
				6F5B5BFC1F9D0F1C001881CB /* PoiDetails.storyboard in Resources */,
			);
			runOnlyForDeploymentPostprocessing = 0;
		};
		6F5B5BBB1F9CED91001881CB /* Resources */ = {
			isa = PBXResourcesBuildPhase;
			buildActionMask = 2147483647;
			files = (
			);
			runOnlyForDeploymentPostprocessing = 0;
		};
		6F5B5BC61F9CED91001881CB /* Resources */ = {
			isa = PBXResourcesBuildPhase;
			buildActionMask = 2147483647;
			files = (
			);
			runOnlyForDeploymentPostprocessing = 0;
		};
/* End PBXResourcesBuildPhase section */

/* Begin PBXShellScriptBuildPhase section */
		232085B6363CD3E8D549DF21 /* [CP] Check Pods Manifest.lock */ = {
			isa = PBXShellScriptBuildPhase;
			buildActionMask = 2147483647;
			files = (
			);
			inputPaths = (
				"${PODS_PODFILE_DIR_PATH}/Podfile.lock",
				"${PODS_ROOT}/Manifest.lock",
			);
			name = "[CP] Check Pods Manifest.lock";
			outputPaths = (
				"$(DERIVED_FILE_DIR)/Pods-iOSCodingChallengeUITests-checkManifestLockResult.txt",
			);
			runOnlyForDeploymentPostprocessing = 0;
			shellPath = /bin/sh;
			shellScript = "diff \"${PODS_PODFILE_DIR_PATH}/Podfile.lock\" \"${PODS_ROOT}/Manifest.lock\" > /dev/null\nif [ $? != 0 ] ; then\n    # print error to STDERR\n    echo \"error: The sandbox is not in sync with the Podfile.lock. Run 'pod install' or update your CocoaPods installation.\" >&2\n    exit 1\nfi\n# This output is used by Xcode 'outputs' to avoid re-running this script phase.\necho \"SUCCESS\" > \"${SCRIPT_OUTPUT_FILE_0}\"\n";
			showEnvVarsInLog = 0;
		};
		31DE195C052BBB54EC354A60 /* [CP] Check Pods Manifest.lock */ = {
			isa = PBXShellScriptBuildPhase;
			buildActionMask = 2147483647;
			files = (
			);
			inputPaths = (
				"${PODS_PODFILE_DIR_PATH}/Podfile.lock",
				"${PODS_ROOT}/Manifest.lock",
			);
			name = "[CP] Check Pods Manifest.lock";
			outputPaths = (
				"$(DERIVED_FILE_DIR)/Pods-iOSCodingChallengeTests-checkManifestLockResult.txt",
			);
			runOnlyForDeploymentPostprocessing = 0;
			shellPath = /bin/sh;
			shellScript = "diff \"${PODS_PODFILE_DIR_PATH}/Podfile.lock\" \"${PODS_ROOT}/Manifest.lock\" > /dev/null\nif [ $? != 0 ] ; then\n    # print error to STDERR\n    echo \"error: The sandbox is not in sync with the Podfile.lock. Run 'pod install' or update your CocoaPods installation.\" >&2\n    exit 1\nfi\n# This output is used by Xcode 'outputs' to avoid re-running this script phase.\necho \"SUCCESS\" > \"${SCRIPT_OUTPUT_FILE_0}\"\n";
			showEnvVarsInLog = 0;
		};
		3B67784F4E803A96EE54CC17 /* [CP] Copy Pods Resources */ = {
			isa = PBXShellScriptBuildPhase;
			buildActionMask = 2147483647;
			files = (
			);
			inputPaths = (
			);
			name = "[CP] Copy Pods Resources";
			outputPaths = (
			);
			runOnlyForDeploymentPostprocessing = 0;
			shellPath = /bin/sh;
			shellScript = "\"${SRCROOT}/Pods/Target Support Files/Pods-iOSCodingChallenge/Pods-iOSCodingChallenge-resources.sh\"\n";
			showEnvVarsInLog = 0;
		};
		3D5C5EF21ED5A054C9F41AAF /* [CP] Copy Pods Resources */ = {
			isa = PBXShellScriptBuildPhase;
			buildActionMask = 2147483647;
			files = (
			);
			inputPaths = (
			);
			name = "[CP] Copy Pods Resources";
			outputPaths = (
			);
			runOnlyForDeploymentPostprocessing = 0;
			shellPath = /bin/sh;
			shellScript = "\"${SRCROOT}/Pods/Target Support Files/Pods-iOSCodingChallengeUITests/Pods-iOSCodingChallengeUITests-resources.sh\"\n";
			showEnvVarsInLog = 0;
		};
		4CA3D209D775786605548327 /* [CP] Copy Pods Resources */ = {
			isa = PBXShellScriptBuildPhase;
			buildActionMask = 2147483647;
			files = (
			);
			inputPaths = (
			);
			name = "[CP] Copy Pods Resources";
			outputPaths = (
			);
			runOnlyForDeploymentPostprocessing = 0;
			shellPath = /bin/sh;
			shellScript = "\"${SRCROOT}/Pods/Target Support Files/Pods-iOSCodingChallengeTests/Pods-iOSCodingChallengeTests-resources.sh\"\n";
			showEnvVarsInLog = 0;
		};
		797198AE66AA0B01F388E042 /* [CP] Embed Pods Frameworks */ = {
			isa = PBXShellScriptBuildPhase;
			buildActionMask = 2147483647;
			files = (
			);
			inputPaths = (
			);
			name = "[CP] Embed Pods Frameworks";
			outputPaths = (
			);
			runOnlyForDeploymentPostprocessing = 0;
			shellPath = /bin/sh;
			shellScript = "\"${SRCROOT}/Pods/Target Support Files/Pods-iOSCodingChallengeTests/Pods-iOSCodingChallengeTests-frameworks.sh\"\n";
			showEnvVarsInLog = 0;
		};
		AC5CD7AEFC13F8F7FE2D2F34 /* [CP] Embed Pods Frameworks */ = {
			isa = PBXShellScriptBuildPhase;
			buildActionMask = 2147483647;
			files = (
			);
			inputPaths = (
			);
			name = "[CP] Embed Pods Frameworks";
			outputPaths = (
			);
			runOnlyForDeploymentPostprocessing = 0;
			shellPath = /bin/sh;
			shellScript = "\"${SRCROOT}/Pods/Target Support Files/Pods-iOSCodingChallengeUITests/Pods-iOSCodingChallengeUITests-frameworks.sh\"\n";
			showEnvVarsInLog = 0;
		};
		D760D95CD3F2D97949565E1E /* [CP] Embed Pods Frameworks */ = {
			isa = PBXShellScriptBuildPhase;
			buildActionMask = 2147483647;
			files = (
			);
			inputPaths = (
				"${SRCROOT}/Pods/Target Support Files/Pods-iOSCodingChallenge/Pods-iOSCodingChallenge-frameworks.sh",
				"${BUILT_PRODUCTS_DIR}/Alamofire/Alamofire.framework",
				"${BUILT_PRODUCTS_DIR}/AlamofireObjectMapper/AlamofireObjectMapper.framework",
				"${BUILT_PRODUCTS_DIR}/DZNEmptyDataSet/DZNEmptyDataSet.framework",
				"${PODS_ROOT}/Mapbox-iOS-SDK/dynamic/Mapbox.framework",
				"${PODS_ROOT}/Mapbox-iOS-SDK/dynamic/Mapbox.framework.dSYM",
				"${BUILT_PRODUCTS_DIR}/MapboxGeocoder.swift/MapboxGeocoder.framework",
				"${BUILT_PRODUCTS_DIR}/ObjectMapper/ObjectMapper.framework",
			);
			name = "[CP] Embed Pods Frameworks";
			outputPaths = (
				"${TARGET_BUILD_DIR}/${FRAMEWORKS_FOLDER_PATH}/Alamofire.framework",
				"${TARGET_BUILD_DIR}/${FRAMEWORKS_FOLDER_PATH}/AlamofireObjectMapper.framework",
				"${TARGET_BUILD_DIR}/${FRAMEWORKS_FOLDER_PATH}/DZNEmptyDataSet.framework",
				"${TARGET_BUILD_DIR}/${FRAMEWORKS_FOLDER_PATH}/Mapbox.framework",
				"${DWARF_DSYM_FOLDER_PATH}/Mapbox.framework.dSYM",
				"${TARGET_BUILD_DIR}/${FRAMEWORKS_FOLDER_PATH}/MapboxGeocoder.framework",
				"${TARGET_BUILD_DIR}/${FRAMEWORKS_FOLDER_PATH}/ObjectMapper.framework",
			);
			runOnlyForDeploymentPostprocessing = 0;
			shellPath = /bin/sh;
			shellScript = "\"${SRCROOT}/Pods/Target Support Files/Pods-iOSCodingChallenge/Pods-iOSCodingChallenge-frameworks.sh\"\n";
			showEnvVarsInLog = 0;
		};
		DB388622CD75AF2C6F63E89B /* [CP] Check Pods Manifest.lock */ = {
			isa = PBXShellScriptBuildPhase;
			buildActionMask = 2147483647;
			files = (
			);
			inputPaths = (
				"${PODS_PODFILE_DIR_PATH}/Podfile.lock",
				"${PODS_ROOT}/Manifest.lock",
			);
			name = "[CP] Check Pods Manifest.lock";
			outputPaths = (
				"$(DERIVED_FILE_DIR)/Pods-iOSCodingChallenge-checkManifestLockResult.txt",
			);
			runOnlyForDeploymentPostprocessing = 0;
			shellPath = /bin/sh;
			shellScript = "diff \"${PODS_PODFILE_DIR_PATH}/Podfile.lock\" \"${PODS_ROOT}/Manifest.lock\" > /dev/null\nif [ $? != 0 ] ; then\n    # print error to STDERR\n    echo \"error: The sandbox is not in sync with the Podfile.lock. Run 'pod install' or update your CocoaPods installation.\" >&2\n    exit 1\nfi\n# This output is used by Xcode 'outputs' to avoid re-running this script phase.\necho \"SUCCESS\" > \"${SCRIPT_OUTPUT_FILE_0}\"\n";
			showEnvVarsInLog = 0;
		};
/* End PBXShellScriptBuildPhase section */

/* Begin PBXSourcesBuildPhase section */
		6F5B5BA51F9CED90001881CB /* Sources */ = {
			isa = PBXSourcesBuildPhase;
			buildActionMask = 2147483647;
			files = (
				6F5B5BED1F9CF986001881CB /* PoiWrapper.swift in Sources */,
				6F5B5BEB1F9CF7F5001881CB /* PoisListViewController.swift in Sources */,
				6F5B5BAD1F9CED90001881CB /* AppDelegate.swift in Sources */,
				6F5B5BEF1F9CF9B5001881CB /* Poi.swift in Sources */,
				6F5B5BFA1F9D0BD4001881CB /* UIViewController.swift in Sources */,
				6F5B5BF11F9CFA09001881CB /* Coordinate.swift in Sources */,
				6F5B5BE31F9CF2AF001881CB /* AppAPI.swift in Sources */,
				6F5B5BFE1F9D0F4B001881CB /* PoiDetailsViewController.swift in Sources */,
				6F5B5BF51F9CFFD4001881CB /* MapViewController.m in Sources */,
				6F5B5BE61F9CF321001881CB /* Manager.swift in Sources */,
				6F5B5BE11F9CF219001881CB /* Config.swift in Sources */,
			);
			runOnlyForDeploymentPostprocessing = 0;
		};
		6F5B5BB91F9CED91001881CB /* Sources */ = {
			isa = PBXSourcesBuildPhase;
			buildActionMask = 2147483647;
			files = (
				6F5B5BC21F9CED91001881CB /* iOSCodingChallengeTests.swift in Sources */,
			);
			runOnlyForDeploymentPostprocessing = 0;
		};
		6F5B5BC41F9CED91001881CB /* Sources */ = {
			isa = PBXSourcesBuildPhase;
			buildActionMask = 2147483647;
			files = (
				6F5B5BCD1F9CED91001881CB /* iOSCodingChallengeUITests.swift in Sources */,
			);
			runOnlyForDeploymentPostprocessing = 0;
		};
/* End PBXSourcesBuildPhase section */

/* Begin PBXTargetDependency section */
		6F5B5BBF1F9CED91001881CB /* PBXTargetDependency */ = {
			isa = PBXTargetDependency;
			target = 6F5B5BA81F9CED90001881CB /* iOSCodingChallenge */;
			targetProxy = 6F5B5BBE1F9CED91001881CB /* PBXContainerItemProxy */;
		};
		6F5B5BCA1F9CED91001881CB /* PBXTargetDependency */ = {
			isa = PBXTargetDependency;
			target = 6F5B5BA81F9CED90001881CB /* iOSCodingChallenge */;
			targetProxy = 6F5B5BC91F9CED91001881CB /* PBXContainerItemProxy */;
		};
/* End PBXTargetDependency section */

/* Begin PBXVariantGroup section */
		6F5B5BB01F9CED90001881CB /* Main.storyboard */ = {
			isa = PBXVariantGroup;
			children = (
				6F5B5BB11F9CED90001881CB /* Base */,
			);
			name = Main.storyboard;
			path = iOSCodingChallenge;
			sourceTree = "<group>";
		};
		6F5B5BB51F9CED90001881CB /* LaunchScreen.storyboard */ = {
			isa = PBXVariantGroup;
			children = (
				6F5B5BB61F9CED90001881CB /* Base */,
			);
			name = LaunchScreen.storyboard;
			sourceTree = "<group>";
		};
/* End PBXVariantGroup section */

/* Begin XCBuildConfiguration section */
		6F5B5BCF1F9CED91001881CB /* Debug */ = {
			isa = XCBuildConfiguration;
			buildSettings = {
				ALWAYS_SEARCH_USER_PATHS = NO;
				CLANG_ANALYZER_NONNULL = YES;
				CLANG_ANALYZER_NUMBER_OBJECT_CONVERSION = YES_AGGRESSIVE;
				CLANG_CXX_LANGUAGE_STANDARD = "gnu++0x";
				CLANG_CXX_LIBRARY = "libc++";
				CLANG_ENABLE_MODULES = YES;
				CLANG_ENABLE_OBJC_ARC = YES;
				CLANG_WARN_BOOL_CONVERSION = YES;
				CLANG_WARN_CONSTANT_CONVERSION = YES;
				CLANG_WARN_DIRECT_OBJC_ISA_USAGE = YES_ERROR;
				CLANG_WARN_DOCUMENTATION_COMMENTS = YES;
				CLANG_WARN_EMPTY_BODY = YES;
				CLANG_WARN_ENUM_CONVERSION = YES;
				CLANG_WARN_INFINITE_RECURSION = YES;
				CLANG_WARN_INT_CONVERSION = YES;
				CLANG_WARN_OBJC_ROOT_CLASS = YES_ERROR;
				CLANG_WARN_SUSPICIOUS_MOVE = YES;
				CLANG_WARN_UNREACHABLE_CODE = YES;
				CLANG_WARN__DUPLICATE_METHOD_MATCH = YES;
				"CODE_SIGN_IDENTITY[sdk=iphoneos*]" = "iPhone Developer";
				COPY_PHASE_STRIP = NO;
				DEBUG_INFORMATION_FORMAT = dwarf;
				ENABLE_STRICT_OBJC_MSGSEND = YES;
				ENABLE_TESTABILITY = YES;
				GCC_C_LANGUAGE_STANDARD = gnu99;
				GCC_DYNAMIC_NO_PIC = NO;
				GCC_NO_COMMON_BLOCKS = YES;
				GCC_OPTIMIZATION_LEVEL = 0;
				GCC_PREPROCESSOR_DEFINITIONS = (
					"DEBUG=1",
					"$(inherited)",
				);
				GCC_WARN_64_TO_32_BIT_CONVERSION = YES;
				GCC_WARN_ABOUT_RETURN_TYPE = YES_ERROR;
				GCC_WARN_UNDECLARED_SELECTOR = YES;
				GCC_WARN_UNINITIALIZED_AUTOS = YES_AGGRESSIVE;
				GCC_WARN_UNUSED_FUNCTION = YES;
				GCC_WARN_UNUSED_VARIABLE = YES;
				IPHONEOS_DEPLOYMENT_TARGET = 10.3;
				MTL_ENABLE_DEBUG_INFO = YES;
				ONLY_ACTIVE_ARCH = YES;
				SDKROOT = iphoneos;
				SWIFT_ACTIVE_COMPILATION_CONDITIONS = DEBUG;
				SWIFT_OPTIMIZATION_LEVEL = "-Onone";
			};
			name = Debug;
		};
		6F5B5BD01F9CED91001881CB /* Release */ = {
			isa = XCBuildConfiguration;
			buildSettings = {
				ALWAYS_SEARCH_USER_PATHS = NO;
				CLANG_ANALYZER_NONNULL = YES;
				CLANG_ANALYZER_NUMBER_OBJECT_CONVERSION = YES_AGGRESSIVE;
				CLANG_CXX_LANGUAGE_STANDARD = "gnu++0x";
				CLANG_CXX_LIBRARY = "libc++";
				CLANG_ENABLE_MODULES = YES;
				CLANG_ENABLE_OBJC_ARC = YES;
				CLANG_WARN_BOOL_CONVERSION = YES;
				CLANG_WARN_CONSTANT_CONVERSION = YES;
				CLANG_WARN_DIRECT_OBJC_ISA_USAGE = YES_ERROR;
				CLANG_WARN_DOCUMENTATION_COMMENTS = YES;
				CLANG_WARN_EMPTY_BODY = YES;
				CLANG_WARN_ENUM_CONVERSION = YES;
				CLANG_WARN_INFINITE_RECURSION = YES;
				CLANG_WARN_INT_CONVERSION = YES;
				CLANG_WARN_OBJC_ROOT_CLASS = YES_ERROR;
				CLANG_WARN_SUSPICIOUS_MOVE = YES;
				CLANG_WARN_UNREACHABLE_CODE = YES;
				CLANG_WARN__DUPLICATE_METHOD_MATCH = YES;
				"CODE_SIGN_IDENTITY[sdk=iphoneos*]" = "iPhone Developer";
				COPY_PHASE_STRIP = NO;
				DEBUG_INFORMATION_FORMAT = "dwarf-with-dsym";
				ENABLE_NS_ASSERTIONS = NO;
				ENABLE_STRICT_OBJC_MSGSEND = YES;
				GCC_C_LANGUAGE_STANDARD = gnu99;
				GCC_NO_COMMON_BLOCKS = YES;
				GCC_WARN_64_TO_32_BIT_CONVERSION = YES;
				GCC_WARN_ABOUT_RETURN_TYPE = YES_ERROR;
				GCC_WARN_UNDECLARED_SELECTOR = YES;
				GCC_WARN_UNINITIALIZED_AUTOS = YES_AGGRESSIVE;
				GCC_WARN_UNUSED_FUNCTION = YES;
				GCC_WARN_UNUSED_VARIABLE = YES;
				IPHONEOS_DEPLOYMENT_TARGET = 10.3;
				MTL_ENABLE_DEBUG_INFO = NO;
				SDKROOT = iphoneos;
				SWIFT_OPTIMIZATION_LEVEL = "-Owholemodule";
				VALIDATE_PRODUCT = YES;
			};
			name = Release;
		};
		6F5B5BD21F9CED91001881CB /* Debug */ = {
			isa = XCBuildConfiguration;
			baseConfigurationReference = FDEC35E113F75621056DFAF8 /* Pods-iOSCodingChallenge.debug.xcconfig */;
			buildSettings = {
				ASSETCATALOG_COMPILER_APPICON_NAME = AppIcon;
				CLANG_ENABLE_MODULES = YES;
				"CODE_SIGN_IDENTITY[sdk=iphoneos*]" = "iPhone Developer";
				DEVELOPMENT_TEAM = "";
				INFOPLIST_FILE = iOSCodingChallenge/Info.plist;
				LD_RUNPATH_SEARCH_PATHS = "$(inherited) @executable_path/Frameworks";
				PRODUCT_BUNDLE_IDENTIFIER = KP.iOSCodingChallenge;
				PRODUCT_NAME = "$(TARGET_NAME)";
				PROVISIONING_PROFILE_SPECIFIER = "";
				SWIFT_OBJC_BRIDGING_HEADER = "iOSCodingChallenge/iOSCodingChallenge-Bridging-Header.h";
				SWIFT_OPTIMIZATION_LEVEL = "-Onone";
				SWIFT_VERSION = 3.0;
			};
			name = Debug;
		};
		6F5B5BD31F9CED91001881CB /* Release */ = {
			isa = XCBuildConfiguration;
			baseConfigurationReference = A4D6DD1733CBC56FE28A6071 /* Pods-iOSCodingChallenge.release.xcconfig */;
			buildSettings = {
				ASSETCATALOG_COMPILER_APPICON_NAME = AppIcon;
				CLANG_ENABLE_MODULES = YES;
				"CODE_SIGN_IDENTITY[sdk=iphoneos*]" = "iPhone Developer";
				DEVELOPMENT_TEAM = "";
				INFOPLIST_FILE = iOSCodingChallenge/Info.plist;
				LD_RUNPATH_SEARCH_PATHS = "$(inherited) @executable_path/Frameworks";
				PRODUCT_BUNDLE_IDENTIFIER = KP.iOSCodingChallenge;
				PRODUCT_NAME = "$(TARGET_NAME)";
				PROVISIONING_PROFILE_SPECIFIER = "";
				SWIFT_OBJC_BRIDGING_HEADER = "iOSCodingChallenge/iOSCodingChallenge-Bridging-Header.h";
				SWIFT_VERSION = 3.0;
			};
			name = Release;
		};
		6F5B5BD51F9CED91001881CB /* Debug */ = {
			isa = XCBuildConfiguration;
			baseConfigurationReference = 5239E0E7BCD84368B42A81EA /* Pods-iOSCodingChallengeTests.debug.xcconfig */;
			buildSettings = {
				ALWAYS_EMBED_SWIFT_STANDARD_LIBRARIES = YES;
				BUNDLE_LOADER = "$(TEST_HOST)";
				DEVELOPMENT_TEAM = 994NB4DHVP;
				INFOPLIST_FILE = iOSCodingChallengeTests/Info.plist;
				LD_RUNPATH_SEARCH_PATHS = "$(inherited) @executable_path/Frameworks @loader_path/Frameworks";
				PRODUCT_BUNDLE_IDENTIFIER = KP.iOSCodingChallengeTests;
				PRODUCT_NAME = "$(TARGET_NAME)";
				SWIFT_VERSION = 3.0;
				TEST_HOST = "$(BUILT_PRODUCTS_DIR)/iOSCodingChallenge.app/iOSCodingChallenge";
			};
			name = Debug;
		};
		6F5B5BD61F9CED91001881CB /* Release */ = {
			isa = XCBuildConfiguration;
			baseConfigurationReference = 269275B7080FB134AF5F60E0 /* Pods-iOSCodingChallengeTests.release.xcconfig */;
			buildSettings = {
				ALWAYS_EMBED_SWIFT_STANDARD_LIBRARIES = YES;
				BUNDLE_LOADER = "$(TEST_HOST)";
				DEVELOPMENT_TEAM = 994NB4DHVP;
				INFOPLIST_FILE = iOSCodingChallengeTests/Info.plist;
				LD_RUNPATH_SEARCH_PATHS = "$(inherited) @executable_path/Frameworks @loader_path/Frameworks";
				PRODUCT_BUNDLE_IDENTIFIER = KP.iOSCodingChallengeTests;
				PRODUCT_NAME = "$(TARGET_NAME)";
				SWIFT_VERSION = 3.0;
				TEST_HOST = "$(BUILT_PRODUCTS_DIR)/iOSCodingChallenge.app/iOSCodingChallenge";
			};
			name = Release;
		};
		6F5B5BD81F9CED91001881CB /* Debug */ = {
			isa = XCBuildConfiguration;
			baseConfigurationReference = 2C823EA08D25F5876BCF712D /* Pods-iOSCodingChallengeUITests.debug.xcconfig */;
			buildSettings = {
				ALWAYS_EMBED_SWIFT_STANDARD_LIBRARIES = YES;
				DEVELOPMENT_TEAM = 994NB4DHVP;
				INFOPLIST_FILE = iOSCodingChallengeUITests/Info.plist;
				LD_RUNPATH_SEARCH_PATHS = "$(inherited) @executable_path/Frameworks @loader_path/Frameworks";
				PRODUCT_BUNDLE_IDENTIFIER = KP.iOSCodingChallengeUITests;
				PRODUCT_NAME = "$(TARGET_NAME)";
				SWIFT_VERSION = 3.0;
				TEST_TARGET_NAME = iOSCodingChallenge;
			};
			name = Debug;
		};
		6F5B5BD91F9CED91001881CB /* Release */ = {
			isa = XCBuildConfiguration;
			baseConfigurationReference = F5567623861A94A4CACC43A4 /* Pods-iOSCodingChallengeUITests.release.xcconfig */;
			buildSettings = {
				ALWAYS_EMBED_SWIFT_STANDARD_LIBRARIES = YES;
				DEVELOPMENT_TEAM = 994NB4DHVP;
				INFOPLIST_FILE = iOSCodingChallengeUITests/Info.plist;
				LD_RUNPATH_SEARCH_PATHS = "$(inherited) @executable_path/Frameworks @loader_path/Frameworks";
				PRODUCT_BUNDLE_IDENTIFIER = KP.iOSCodingChallengeUITests;
				PRODUCT_NAME = "$(TARGET_NAME)";
				SWIFT_VERSION = 3.0;
				TEST_TARGET_NAME = iOSCodingChallenge;
			};
			name = Release;
		};
/* End XCBuildConfiguration section */

/* Begin XCConfigurationList section */
		6F5B5BA41F9CED90001881CB /* Build configuration list for PBXProject "iOSCodingChallenge" */ = {
			isa = XCConfigurationList;
			buildConfigurations = (
				6F5B5BCF1F9CED91001881CB /* Debug */,
				6F5B5BD01F9CED91001881CB /* Release */,
			);
			defaultConfigurationIsVisible = 0;
			defaultConfigurationName = Release;
		};
		6F5B5BD11F9CED91001881CB /* Build configuration list for PBXNativeTarget "iOSCodingChallenge" */ = {
			isa = XCConfigurationList;
			buildConfigurations = (
				6F5B5BD21F9CED91001881CB /* Debug */,
				6F5B5BD31F9CED91001881CB /* Release */,
			);
			defaultConfigurationIsVisible = 0;
			defaultConfigurationName = Release;
		};
		6F5B5BD41F9CED91001881CB /* Build configuration list for PBXNativeTarget "iOSCodingChallengeTests" */ = {
			isa = XCConfigurationList;
			buildConfigurations = (
				6F5B5BD51F9CED91001881CB /* Debug */,
				6F5B5BD61F9CED91001881CB /* Release */,
			);
			defaultConfigurationIsVisible = 0;
			defaultConfigurationName = Release;
		};
		6F5B5BD71F9CED91001881CB /* Build configuration list for PBXNativeTarget "iOSCodingChallengeUITests" */ = {
			isa = XCConfigurationList;
			buildConfigurations = (
				6F5B5BD81F9CED91001881CB /* Debug */,
				6F5B5BD91F9CED91001881CB /* Release */,
			);
			defaultConfigurationIsVisible = 0;
			defaultConfigurationName = Release;
		};
/* End XCConfigurationList section */
	};
	rootObject = 6F5B5BA11F9CED90001881CB /* Project object */;
}
